// !$*UTF8*$!
{
	archiveVersion = 1;
	classes = {
	};
	objectVersion = 46;
	objects = {

/* Begin PBXBuildFile section */
		D90EB96B1C2B060500A45874 /* global_var.c in Sources */ = {isa = PBXBuildFile; fileRef = D90EB9671C2B060500A45874 /* global_var.c */; settings = {ASSET_TAGS = (); }; };
		D90EB96C1C2B060500A45874 /* job_struct.c in Sources */ = {isa = PBXBuildFile; fileRef = D90EB9681C2B060500A45874 /* job_struct.c */; settings = {ASSET_TAGS = (); }; };
		D90EB96D1C2B060500A45874 /* parsing_command.c in Sources */ = {isa = PBXBuildFile; fileRef = D90EB9691C2B060500A45874 /* parsing_command.c */; settings = {ASSET_TAGS = (); }; };
		D90EB96E1C2B060500A45874 /* program_struct.c in Sources */ = {isa = PBXBuildFile; fileRef = D90EB96A1C2B060500A45874 /* program_struct.c */; settings = {ASSET_TAGS = (); }; };
		D90EB9711C2B59E100A45874 /* Side_Functions.c in Sources */ = {isa = PBXBuildFile; fileRef = D90EB96F1C2B59E100A45874 /* Side_Functions.c */; settings = {ASSET_TAGS = (); }; };
		D9EDA9191C2AFF6D00FFB1BC /* main.c in Sources */ = {isa = PBXBuildFile; fileRef = D9EDA9181C2AFF6D00FFB1BC /* main.c */; };
/* End PBXBuildFile section */

/* Begin PBXCopyFilesBuildPhase section */
		D9EDA9131C2AFF6D00FFB1BC /* CopyFiles */ = {
			isa = PBXCopyFilesBuildPhase;
			buildActionMask = 2147483647;
			dstPath = /usr/share/man/man1/;
			dstSubfolderSpec = 0;
			files = (
			);
			runOnlyForDeploymentPostprocessing = 1;
		};
/* End PBXCopyFilesBuildPhase section */

/* Begin PBXFileReference section */
		D90EB9631C2B060500A45874 /* global_var.h */ = {isa = PBXFileReference; fileEncoding = 4; lastKnownFileType = sourcecode.c.h; path = global_var.h; sourceTree = "<group>"; };
		D90EB9641C2B060500A45874 /* job_struct.h */ = {isa = PBXFileReference; fileEncoding = 4; lastKnownFileType = sourcecode.c.h; path = job_struct.h; sourceTree = "<group>"; };
		D90EB9651C2B060500A45874 /* parsing_command.h */ = {isa = PBXFileReference; fileEncoding = 4; lastKnownFileType = sourcecode.c.h; path = parsing_command.h; sourceTree = "<group>"; };
		D90EB9661C2B060500A45874 /* program_struct.h */ = {isa = PBXFileReference; fileEncoding = 4; lastKnownFileType = sourcecode.c.h; path = program_struct.h; sourceTree = "<group>"; };
		D90EB9671C2B060500A45874 /* global_var.c */ = {isa = PBXFileReference; fileEncoding = 4; lastKnownFileType = sourcecode.c.c; path = global_var.c; sourceTree = "<group>"; };
		D90EB9681C2B060500A45874 /* job_struct.c */ = {isa = PBXFileReference; fileEncoding = 4; lastKnownFileType = sourcecode.c.c; path = job_struct.c; sourceTree = "<group>"; };
		D90EB9691C2B060500A45874 /* parsing_command.c */ = {isa = PBXFileReference; fileEncoding = 4; lastKnownFileType = sourcecode.c.c; path = parsing_command.c; sourceTree = "<group>"; };
		D90EB96A1C2B060500A45874 /* program_struct.c */ = {isa = PBXFileReference; fileEncoding = 4; lastKnownFileType = sourcecode.c.c; path = program_struct.c; sourceTree = "<group>"; };
		D90EB96F1C2B59E100A45874 /* Side_Functions.c */ = {isa = PBXFileReference; fileEncoding = 4; lastKnownFileType = sourcecode.c.c; path = Side_Functions.c; sourceTree = "<group>"; };
		D90EB9701C2B59E100A45874 /* Side_Functions.h */ = {isa = PBXFileReference; fileEncoding = 4; lastKnownFileType = sourcecode.c.h; path = Side_Functions.h; sourceTree = "<group>"; };
		D9EDA9151C2AFF6D00FFB1BC /* Shell_2 */ = {isa = PBXFileReference; explicitFileType = "compiled.mach-o.executable"; includeInIndex = 0; path = Shell_2; sourceTree = BUILT_PRODUCTS_DIR; };
		D9EDA9181C2AFF6D00FFB1BC /* main.c */ = {isa = PBXFileReference; lastKnownFileType = sourcecode.c.c; path = main.c; sourceTree = "<group>"; };
/* End PBXFileReference section */

/* Begin PBXFrameworksBuildPhase section */
		D9EDA9121C2AFF6D00FFB1BC /* Frameworks */ = {
			isa = PBXFrameworksBuildPhase;
			buildActionMask = 2147483647;
			files = (
			);
			runOnlyForDeploymentPostprocessing = 0;
		};
/* End PBXFrameworksBuildPhase section */

/* Begin PBXGroup section */
		D9EDA90C1C2AFF6D00FFB1BC = {
			isa = PBXGroup;
			children = (
				D9EDA9171C2AFF6D00FFB1BC /* Shell_2 */,
				D9EDA9161C2AFF6D00FFB1BC /* Products */,
			);
			sourceTree = "<group>";
		};
		D9EDA9161C2AFF6D00FFB1BC /* Products */ = {
			isa = PBXGroup;
			children = (
				D9EDA9151C2AFF6D00FFB1BC /* Shell_2 */,
			);
			name = Products;
			sourceTree = "<group>";
		};
		D9EDA9171C2AFF6D00FFB1BC /* Shell_2 */ = {
			isa = PBXGroup;
			children = (
				D90EB9631C2B060500A45874 /* global_var.h */,
				D90EB9641C2B060500A45874 /* job_struct.h */,
				D90EB9651C2B060500A45874 /* parsing_command.h */,
				D90EB9661C2B060500A45874 /* program_struct.h */,
				D90EB9671C2B060500A45874 /* global_var.c */,
				D90EB9681C2B060500A45874 /* job_struct.c */,
				D90EB9691C2B060500A45874 /* parsing_command.c */,
				D90EB96A1C2B060500A45874 /* program_struct.c */,
				D9EDA9181C2AFF6D00FFB1BC /* main.c */,
				D90EB96F1C2B59E100A45874 /* Side_Functions.c */,
				D90EB9701C2B59E100A45874 /* Side_Functions.h */,
			);
			path = Shell_2;
			sourceTree = "<group>";
		};
/* End PBXGroup section */

/* Begin PBXNativeTarget section */
		D9EDA9141C2AFF6D00FFB1BC /* Shell_2 */ = {
			isa = PBXNativeTarget;
			buildConfigurationList = D9EDA91C1C2AFF6D00FFB1BC /* Build configuration list for PBXNativeTarget "Shell_2" */;
			buildPhases = (
				D9EDA9111C2AFF6D00FFB1BC /* Sources */,
				D9EDA9121C2AFF6D00FFB1BC /* Frameworks */,
				D9EDA9131C2AFF6D00FFB1BC /* CopyFiles */,
			);
			buildRules = (
			);
			dependencies = (
			);
			name = Shell_2;
			productName = Shell_2;
			productReference = D9EDA9151C2AFF6D00FFB1BC /* Shell_2 */;
			productType = "com.apple.product-type.tool";
		};
/* End PBXNativeTarget section */

/* Begin PBXProject section */
		D9EDA90D1C2AFF6D00FFB1BC /* Project object */ = {
			isa = PBXProject;
			attributes = {
				LastUpgradeCheck = 0700;
				ORGANIZATIONNAME = yuri;
				TargetAttributes = {
					D9EDA9141C2AFF6D00FFB1BC = {
						CreatedOnToolsVersion = 7.0;
					};
				};
			};
			buildConfigurationList = D9EDA9101C2AFF6D00FFB1BC /* Build configuration list for PBXProject "Shell_2" */;
			compatibilityVersion = "Xcode 3.2";
			developmentRegion = English;
			hasScannedForEncodings = 0;
			knownRegions = (
				en,
			);
			mainGroup = D9EDA90C1C2AFF6D00FFB1BC;
			productRefGroup = D9EDA9161C2AFF6D00FFB1BC /* Products */;
			projectDirPath = "";
			projectRoot = "";
			targets = (
				D9EDA9141C2AFF6D00FFB1BC /* Shell_2 */,
			);
		};
/* End PBXProject section */

/* Begin PBXSourcesBuildPhase section */
		D9EDA9111C2AFF6D00FFB1BC /* Sources */ = {
			isa = PBXSourcesBuildPhase;
			buildActionMask = 2147483647;
			files = (
				D90EB9711C2B59E100A45874 /* Side_Functions.c in Sources */,
				D90EB96E1C2B060500A45874 /* program_struct.c in Sources */,
				D90EB96D1C2B060500A45874 /* parsing_command.c in Sources */,
				D90EB96B1C2B060500A45874 /* global_var.c in Sources */,
				D90EB96C1C2B060500A45874 /* job_struct.c in Sources */,
				D9EDA9191C2AFF6D00FFB1BC /* main.c in Sources */,
			);
			runOnlyForDeploymentPostprocessing = 0;
		};
/* End PBXSourcesBuildPhase section */

/* Begin XCBuildConfiguration section */
		D9EDA91A1C2AFF6D00FFB1BC /* Debug */ = {
			isa = XCBuildConfiguration;
			buildSettings = {
				ALWAYS_SEARCH_USER_PATHS = NO;
				CLANG_CXX_LANGUAGE_STANDARD = "gnu++0x";
				CLANG_CXX_LIBRARY = "libc++";
				CLANG_ENABLE_MODULES = YES;
				CLANG_ENABLE_OBJC_ARC = YES;
				CLANG_WARN_BOOL_CONVERSION = YES;
				CLANG_WARN_CONSTANT_CONVERSION = YES;
				CLANG_WARN_DIRECT_OBJC_ISA_USAGE = YES_ERROR;
				CLANG_WARN_EMPTY_BODY = YES;
				CLANG_WARN_ENUM_CONVERSION = YES;
				CLANG_WARN_INT_CONVERSION = YES;
				CLANG_WARN_OBJC_ROOT_CLASS = YES_ERROR;
				CLANG_WARN_UNREACHABLE_CODE = YES;
				CLANG_WARN__DUPLICATE_METHOD_MATCH = YES;
				COPY_PHASE_STRIP = NO;
				DEBUG_INFORMATION_FORMAT = dwarf;
				ENABLE_STRICT_OBJC_MSGSEND = YES;
				ENABLE_TESTABILITY = YES;
				GCC_C_LANGUAGE_STANDARD = gnu99;
				GCC_DYNAMIC_NO_PIC = NO;
				GCC_NO_COMMON_BLOCKS = YES;
				GCC_OPTIMIZATION_LEVEL = 0;
				GCC_PREPROCESSOR_DEFINITIONS = (
					"DEBUG=1",
					"$(inherited)",
				);
				GCC_WARN_64_TO_32_BIT_CONVERSION = YES;
				GCC_WARN_ABOUT_RETURN_TYPE = YES_ERROR;
				GCC_WARN_UNDECLARED_SELECTOR = YES;
				GCC_WARN_UNINITIALIZED_AUTOS = YES_AGGRESSIVE;
				GCC_WARN_UNUSED_FUNCTION = YES;
				GCC_WARN_UNUSED_VARIABLE = YES;
				MACOSX_DEPLOYMENT_TARGET = 10.11;
				MTL_ENABLE_DEBUG_INFO = YES;
				ONLY_ACTIVE_ARCH = YES;
				SDKROOT = macosx;
			};
			name = Debug;
		};
		D9EDA91B1C2AFF6D00FFB1BC /* Release */ = {
			isa = XCBuildConfiguration;
			buildSettings = {
				ALWAYS_SEARCH_USER_PATHS = NO;
				CLANG_CXX_LANGUAGE_STANDARD = "gnu++0x";
				CLANG_CXX_LIBRARY = "libc++";
				CLANG_ENABLE_MODULES = YES;
				CLANG_ENABLE_OBJC_ARC = YES;
				CLANG_WARN_BOOL_CONVERSION = YES;
				CLANG_WARN_CONSTANT_CONVERSION = YES;
				CLANG_WARN_DIRECT_OBJC_ISA_USAGE = YES_ERROR;
				CLANG_WARN_EMPTY_BODY = YES;
				CLANG_WARN_ENUM_CONVERSION = YES;
				CLANG_WARN_INT_CONVERSION = YES;
				CLANG_WARN_OBJC_ROOT_CLASS = YES_ERROR;
				CLANG_WARN_UNREACHABLE_CODE = YES;
				CLANG_WARN__DUPLICATE_METHOD_MATCH = YES;
				COPY_PHASE_STRIP = NO;
				DEBUG_INFORMATION_FORMAT = "dwarf-with-dsym";
				ENABLE_NS_ASSERTIONS = NO;
				ENABLE_STRICT_OBJC_MSGSEND = YES;
				GCC_C_LANGUAGE_STANDARD = gnu99;
				GCC_NO_COMMON_BLOCKS = YES;
				GCC_WARN_64_TO_32_BIT_CONVERSION = YES;
				GCC_WARN_ABOUT_RETURN_TYPE = YES_ERROR;
				GCC_WARN_UNDECLARED_SELECTOR = YES;
				GCC_WARN_UNINITIALIZED_AUTOS = YES_AGGRESSIVE;
				GCC_WARN_UNUSED_FUNCTION = YES;
				GCC_WARN_UNUSED_VARIABLE = YES;
				MACOSX_DEPLOYMENT_TARGET = 10.11;
				MTL_ENABLE_DEBUG_INFO = NO;
				SDKROOT = macosx;
			};
			name = Release;
		};
		D9EDA91D1C2AFF6D00FFB1BC /* Debug */ = {
			isa = XCBuildConfiguration;
			buildSettings = {
				PRODUCT_NAME = "$(TARGET_NAME)";
			};
			name = Debug;
		};
		D9EDA91E1C2AFF6D00FFB1BC /* Release */ = {
			isa = XCBuildConfiguration;
			buildSettings = {
				PRODUCT_NAME = "$(TARGET_NAME)";
			};
			name = Release;
		};
/* End XCBuildConfiguration section */

/* Begin XCConfigurationList section */
		D9EDA9101C2AFF6D00FFB1BC /* Build configuration list for PBXProject "Shell_2" */ = {
			isa = XCConfigurationList;
			buildConfigurations = (
				D9EDA91A1C2AFF6D00FFB1BC /* Debug */,
				D9EDA91B1C2AFF6D00FFB1BC /* Release */,
			);
			defaultConfigurationIsVisible = 0;
			defaultConfigurationName = Release;
		};
		D9EDA91C1C2AFF6D00FFB1BC /* Build configuration list for PBXNativeTarget "Shell_2" */ = {
			isa = XCConfigurationList;
			buildConfigurations = (
				D9EDA91D1C2AFF6D00FFB1BC /* Debug */,
				D9EDA91E1C2AFF6D00FFB1BC /* Release */,
			);
			defaultConfigurationIsVisible = 0;
			defaultConfigurationName = Release;
		};
/* End XCConfigurationList section */
	};
	rootObject = D9EDA90D1C2AFF6D00FFB1BC /* Project object */;
}
